{
  "lockfileVersion": 1,
  "configVersion": 1,
  "workspaces": {
    "": {
      "name": "norman-world",
      "dependencies": {
        "@chenglou/pretext": "^0.0.2",
      },
    },
  },
  "packages": {
    "@chenglou/pretext": ["@chenglou/pretext@0.0.2", "", { "peerDependencies": { "typescript": "^5" } }, "sha512-bMPySDxbU1h+qU3D7HzTsz2vhBFIeO19Yp8gsYTJ219tjuX7WFsKJzk2oPVpwxl2P1VEuQGo6whg6Kr8gztphA=="],

    "typescript": ["typescript@5.9.3", "", { "bin": { "tsc": "bin/tsc", "tsserver": "bin/tsserver" } }, "sha512-jl1vZzPDinLr9eUt3J/t7V6FgNEw9QjvBPdysz9KfQDD41fQrC2Y4vKQdiaUpFT4bXlb1RHhLpp8wtm6M5TgSw=="],
  }
}
